{
  "name": "tree",
  "version": "1.0.0",
  "lockfileVersion": 2,
  "requires": true,
  "packages": {
    "": {
      "name": "tree",
      "version": "1.0.0",
      "license": "ISC",
      "dependencies": {
        "console-log-tree": "^1.2.1",
        "flexible-tree-printer": "^1.0.2",
        "tree-data-structure": "^0.2.0",
        "tree-model": "^1.0.7",
        "tree-util": "^1.0.7"
      }
    },
    "node_modules/console-log-tree": {
      "version": "1.2.1",
      "resolved": "https://registry.npmjs.org/console-log-tree/-/console-log-tree-1.2.1.tgz",
      "integrity": "sha512-qIr67nbaNUfhRoa0uz05Wt8TPA1fpaLdw6EZ1y3dbiHhIJ46Q+ciaJxYPx0MQGHZZKbbH4walRTZZve7WDHBxg=="
    },
    "node_modules/core-js": {
      "version": "3.30.1",
      "resolved": "https://registry.npmjs.org/core-js/-/core-js-3.30.1.tgz",
      "integrity": "sha512-ZNS5nbiSwDTq4hFosEDqm65izl2CWmLz0hARJMyNQBgkUZMIF51cQiMvIQKA6hvuaeWxQDP3hEedM1JZIgTldQ==",
      "hasInstallScript": true,
      "funding": {
        "type": "opencollective",
        "url": "https://opencollective.com/core-js"
      }
    },
    "node_modules/find-insert-index": {
      "version": "0.0.1",
      "resolved": "https://registry.npmjs.org/find-insert-index/-/find-insert-index-0.0.1.tgz",
      "integrity": "sha512-eIqFuQzY7XwpAJ3sHWKFNGLx1nm3w/IhmFASETcx5sUuCaOUd3xDqRK/376SzXMVVJQaJUCPlS7L841T0xpFjQ=="
    },
    "node_modules/flexible-tree-printer": {
      "version": "1.0.2",
      "resolved": "https://registry.npmjs.org/flexible-tree-printer/-/flexible-tree-printer-1.0.2.tgz",
      "integrity": "sha512-NKN6ZQCDwSDDKIXsM+TfRZKMHSzAa5J9BdpFLBm1pHOo96YvrxG+gKDtabt0dJ7LNRZYfrN+hy+zELPUZ4hFhA=="
    },
    "node_modules/mergesort": {
      "version": "0.0.1",
      "resolved": "https://registry.npmjs.org/mergesort/-/mergesort-0.0.1.tgz",
      "integrity": "sha512-WKghTBzqAvTt9rG5TWS78Dmk2kCCL9VkkX8Zi9kKfJ4iqYpvcGGpeYtkhPHa9NZAPLivZiZsdO/LBG3ENayDmQ=="
    },
    "node_modules/tree-data-structure": {
      "version": "0.2.0",
      "resolved": "https://registry.npmjs.org/tree-data-structure/-/tree-data-structure-0.2.0.tgz",
      "integrity": "sha512-n9yOD8ldr3y8XSoya6550qIgQfDhw9lPx8RUQD5fpxSek3FhQgyQWB5/eDiJkvdUVNakX2yY91ntNUcMGEZUgg==",
      "dependencies": {
        "core-js": "^3.6.4"
      }
    },
    "node_modules/tree-model": {
      "version": "1.0.7",
      "resolved": "https://registry.npmjs.org/tree-model/-/tree-model-1.0.7.tgz",
      "integrity": "sha512-oP4LUbCVtD2gcjcRaeI4L5hY60tHzB+AK/bthIJ2Pq1EUUOio5/xFzPWnGoBZlhtqpqbOkhFDzKIwKLOn0kccQ==",
      "dependencies": {
        "find-insert-index": "0.0.1",
        "mergesort": "0.0.1"
      }
    },
    "node_modules/tree-util": {
      "version": "1.0.7",
      "resolved": "https://registry.npmjs.org/tree-util/-/tree-util-1.0.7.tgz",
      "integrity": "sha512-6Ob4D1e9b3WEL5Hww0YIed4a/36fxXhSTCNWiYy0CvKFd0iQxPIP+mP12w8Jx0H5hlKMk457V7ZBst//zZbtBA=="
    }
  },
  "dependencies": {
    "console-log-tree": {
      "version": "1.2.1",
      "resolved": "https://registry.npmjs.org/console-log-tree/-/console-log-tree-1.2.1.tgz",
      "integrity": "sha512-qIr67nbaNUfhRoa0uz05Wt8TPA1fpaLdw6EZ1y3dbiHhIJ46Q+ciaJxYPx0MQGHZZKbbH4walRTZZve7WDHBxg=="
    },
    "core-js": {
      "version": "3.30.1",
      "resolved": "https://registry.npmjs.org/core-js/-/core-js-3.30.1.tgz",
      "integrity": "sha512-ZNS5nbiSwDTq4hFosEDqm65izl2CWmLz0hARJMyNQBgkUZMIF51cQiMvIQKA6hvuaeWxQDP3hEedM1JZIgTldQ=="
    },
    "find-insert-index": {
      "version": "0.0.1",
      "resolved": "https://registry.npmjs.org/find-insert-index/-/find-insert-index-0.0.1.tgz",
      "integrity": "sha512-eIqFuQzY7XwpAJ3sHWKFNGLx1nm3w/IhmFASETcx5sUuCaOUd3xDqRK/376SzXMVVJQaJUCPlS7L841T0xpFjQ=="
    },
    "flexible-tree-printer": {
      "version": "1.0.2",
      "resolved": "https://registry.npmjs.org/flexible-tree-printer/-/flexible-tree-printer-1.0.2.tgz",
      "integrity": "sha512-NKN6ZQCDwSDDKIXsM+TfRZKMHSzAa5J9BdpFLBm1pHOo96YvrxG+gKDtabt0dJ7LNRZYfrN+hy+zELPUZ4hFhA=="
    },
    "mergesort": {
      "version": "0.0.1",
      "resolved": "https://registry.npmjs.org/mergesort/-/mergesort-0.0.1.tgz",
      "integrity": "sha512-WKghTBzqAvTt9rG5TWS78Dmk2kCCL9VkkX8Zi9kKfJ4iqYpvcGGpeYtkhPHa9NZAPLivZiZsdO/LBG3ENayDmQ=="
    },
    "tree-data-structure": {
      "version": "0.2.0",
      "resolved": "https://registry.npmjs.org/tree-data-structure/-/tree-data-structure-0.2.0.tgz",
      "integrity": "sha512-n9yOD8ldr3y8XSoya6550qIgQfDhw9lPx8RUQD5fpxSek3FhQgyQWB5/eDiJkvdUVNakX2yY91ntNUcMGEZUgg==",
      "requires": {
        "core-js": "^3.6.4"
      }
    },
    "tree-model": {
      "version": "1.0.7",
      "resolved": "https://registry.npmjs.org/tree-model/-/tree-model-1.0.7.tgz",
      "integrity": "sha512-oP4LUbCVtD2gcjcRaeI4L5hY60tHzB+AK/bthIJ2Pq1EUUOio5/xFzPWnGoBZlhtqpqbOkhFDzKIwKLOn0kccQ==",
      "requires": {
        "find-insert-index": "0.0.1",
        "mergesort": "0.0.1"
      }
    },
    "tree-util": {
      "version": "1.0.7",
      "resolved": "https://registry.npmjs.org/tree-util/-/tree-util-1.0.7.tgz",
      "integrity": "sha512-6Ob4D1e9b3WEL5Hww0YIed4a/36fxXhSTCNWiYy0CvKFd0iQxPIP+mP12w8Jx0H5hlKMk457V7ZBst//zZbtBA=="
    }
  }
}
